// !$*UTF8*$!
{
	archiveVersion = 1;
	classes = {
	};
	objectVersion = 46;
	objects = {

/* Begin PBXBuildFile section */
		6565C21A1BAC26E500E74749 /* main.m in Sources */ = {isa = PBXBuildFile; fileRef = 6565C2191BAC26E500E74749 /* main.m */; };
		6565C21D1BAC26E500E74749 /* AppDelegate.m in Sources */ = {isa = PBXBuildFile; fileRef = 6565C21C1BAC26E500E74749 /* AppDelegate.m */; };
		6565C2231BAC26E500E74749 /* Main.storyboard in Resources */ = {isa = PBXBuildFile; fileRef = 6565C2211BAC26E500E74749 /* Main.storyboard */; };
		6565C2251BAC26E500E74749 /* Assets.xcassets in Resources */ = {isa = PBXBuildFile; fileRef = 6565C2241BAC26E500E74749 /* Assets.xcassets */; };
		6565C2301BAC26E500E74749 /* Bit_Apocalypse_TVTests.m in Sources */ = {isa = PBXBuildFile; fileRef = 6565C22F1BAC26E500E74749 /* Bit_Apocalypse_TVTests.m */; };
		6565C23D1BAC272B00E74749 /* ViewController.m in Sources */ = {isa = PBXBuildFile; fileRef = 6565C23C1BAC272B00E74749 /* ViewController.m */; };
		6565C2401BAC273B00E74749 /* TransitionManager.m in Sources */ = {isa = PBXBuildFile; fileRef = 6565C23F1BAC273B00E74749 /* TransitionManager.m */; };
		6565C2461BAC278800E74749 /* GameObjectView.m in Sources */ = {isa = PBXBuildFile; fileRef = 6565C2431BAC278800E74749 /* GameObjectView.m */; };
		6565C2471BAC278800E74749 /* PersonView.m in Sources */ = {isa = PBXBuildFile; fileRef = 6565C2451BAC278800E74749 /* PersonView.m */; };
		6565C24C1BAC279900E74749 /* GameViewController.m in Sources */ = {isa = PBXBuildFile; fileRef = 6565C2491BAC279900E74749 /* GameViewController.m */; };
		6565C24D1BAC279900E74749 /* StoryIntoViewController.m in Sources */ = {isa = PBXBuildFile; fileRef = 6565C24B1BAC279900E74749 /* StoryIntoViewController.m */; };
		6565C24F1BAC27D800E74749 /* AVFoundation.framework in Frameworks */ = {isa = PBXBuildFile; fileRef = 6565C24E1BAC27D800E74749 /* AVFoundation.framework */; };
		6565C2531BAC290800E74749 /* Operation_Catch_the_Bad_Guy_8_Bit.mp3 in Resources */ = {isa = PBXBuildFile; fileRef = 6565C2511BAC290800E74749 /* Operation_Catch_the_Bad_Guy_8_Bit.mp3 */; };
		6565C2541BAC290800E74749 /* Pixelated_Cosmos.mp3 in Resources */ = {isa = PBXBuildFile; fileRef = 6565C2521BAC290800E74749 /* Pixelated_Cosmos.mp3 */; };
/* End PBXBuildFile section */

/* Begin PBXContainerItemProxy section */
		6565C22C1BAC26E500E74749 /* PBXContainerItemProxy */ = {
			isa = PBXContainerItemProxy;
			containerPortal = 6565C20D1BAC26E500E74749 /* Project object */;
			proxyType = 1;
			remoteGlobalIDString = 6565C2141BAC26E500E74749;
			remoteInfo = Bit_Apocalypse_TV;
		};
/* End PBXContainerItemProxy section */

/* Begin PBXFileReference section */
		6565C2151BAC26E500E74749 /* Bit_Apocalypse_TV.app */ = {isa = PBXFileReference; explicitFileType = wrapper.application; includeInIndex = 0; path = Bit_Apocalypse_TV.app; sourceTree = BUILT_PRODUCTS_DIR; };
		6565C2191BAC26E500E74749 /* main.m */ = {isa = PBXFileReference; lastKnownFileType = sourcecode.c.objc; path = main.m; sourceTree = "<group>"; };
		6565C21B1BAC26E500E74749 /* AppDelegate.h */ = {isa = PBXFileReference; lastKnownFileType = sourcecode.c.h; path = AppDelegate.h; sourceTree = "<group>"; };
		6565C21C1BAC26E500E74749 /* AppDelegate.m */ = {isa = PBXFileReference; lastKnownFileType = sourcecode.c.objc; path = AppDelegate.m; sourceTree = "<group>"; };
		6565C2221BAC26E500E74749 /* Base */ = {isa = PBXFileReference; lastKnownFileType = file.storyboard; name = Base; path = Base.lproj/Main.storyboard; sourceTree = "<group>"; };
		6565C2241BAC26E500E74749 /* Assets.xcassets */ = {isa = PBXFileReference; lastKnownFileType = folder.assetcatalog; path = Assets.xcassets; sourceTree = "<group>"; };
		6565C2261BAC26E500E74749 /* Info.plist */ = {isa = PBXFileReference; lastKnownFileType = text.plist.xml; path = Info.plist; sourceTree = "<group>"; };
		6565C22B1BAC26E500E74749 /* Bit_Apocalypse_TVTests.xctest */ = {isa = PBXFileReference; explicitFileType = wrapper.cfbundle; includeInIndex = 0; path = Bit_Apocalypse_TVTests.xctest; sourceTree = BUILT_PRODUCTS_DIR; };
		6565C22F1BAC26E500E74749 /* Bit_Apocalypse_TVTests.m */ = {isa = PBXFileReference; lastKnownFileType = sourcecode.c.objc; path = Bit_Apocalypse_TVTests.m; sourceTree = "<group>"; };
		6565C2311BAC26E500E74749 /* Info.plist */ = {isa = PBXFileReference; lastKnownFileType = text.plist.xml; path = Info.plist; sourceTree = "<group>"; };
		6565C23B1BAC272B00E74749 /* ViewController.h */ = {isa = PBXFileReference; fileEncoding = 4; lastKnownFileType = sourcecode.c.h; name = ViewController.h; path = ViewControllers/ViewController.h; sourceTree = "<group>"; };
		6565C23C1BAC272B00E74749 /* ViewController.m */ = {isa = PBXFileReference; fileEncoding = 4; lastKnownFileType = sourcecode.c.objc; name = ViewController.m; path = ViewControllers/ViewController.m; sourceTree = "<group>"; };
		6565C23E1BAC273B00E74749 /* TransitionManager.h */ = {isa = PBXFileReference; fileEncoding = 4; lastKnownFileType = sourcecode.c.h; path = TransitionManager.h; sourceTree = "<group>"; };
		6565C23F1BAC273B00E74749 /* TransitionManager.m */ = {isa = PBXFileReference; fileEncoding = 4; lastKnownFileType = sourcecode.c.objc; path = TransitionManager.m; sourceTree = "<group>"; };
		6565C2421BAC278800E74749 /* GameObjectView.h */ = {isa = PBXFileReference; fileEncoding = 4; lastKnownFileType = sourcecode.c.h; name = GameObjectView.h; path = Objects/GameObjectView.h; sourceTree = "<group>"; };
		6565C2431BAC278800E74749 /* GameObjectView.m */ = {isa = PBXFileReference; fileEncoding = 4; lastKnownFileType = sourcecode.c.objc; name = GameObjectView.m; path = Objects/GameObjectView.m; sourceTree = "<group>"; };
		6565C2441BAC278800E74749 /* PersonView.h */ = {isa = PBXFileReference; fileEncoding = 4; lastKnownFileType = sourcecode.c.h; name = PersonView.h; path = Objects/PersonView.h; sourceTree = "<group>"; };
		6565C2451BAC278800E74749 /* PersonView.m */ = {isa = PBXFileReference; fileEncoding = 4; lastKnownFileType = sourcecode.c.objc; name = PersonView.m; path = Objects/PersonView.m; sourceTree = "<group>"; };
		6565C2481BAC279900E74749 /* GameViewController.h */ = {isa = PBXFileReference; fileEncoding = 4; lastKnownFileType = sourcecode.c.h; name = GameViewController.h; path = ViewControllers/GameViewController.h; sourceTree = "<group>"; };
		6565C2491BAC279900E74749 /* GameViewController.m */ = {isa = PBXFileReference; fileEncoding = 4; lastKnownFileType = sourcecode.c.objc; name = GameViewController.m; path = ViewControllers/GameViewController.m; sourceTree = "<group>"; };
		6565C24A1BAC279900E74749 /* StoryIntoViewController.h */ = {isa = PBXFileReference; fileEncoding = 4; lastKnownFileType = sourcecode.c.h; name = StoryIntoViewController.h; path = ViewControllers/StoryIntoViewController.h; sourceTree = "<group>"; };
		6565C24B1BAC279900E74749 /* StoryIntoViewController.m */ = {isa = PBXFileReference; fileEncoding = 4; lastKnownFileType = sourcecode.c.objc; name = StoryIntoViewController.m; path = ViewControllers/StoryIntoViewController.m; sourceTree = "<group>"; };
		6565C24E1BAC27D800E74749 /* AVFoundation.framework */ = {isa = PBXFileReference; lastKnownFileType = wrapper.framework; name = AVFoundation.framework; path = System/Library/Frameworks/AVFoundation.framework; sourceTree = SDKROOT; };
		6565C2511BAC290800E74749 /* Operation_Catch_the_Bad_Guy_8_Bit.mp3 */ = {isa = PBXFileReference; lastKnownFileType = audio.mp3; name = Operation_Catch_the_Bad_Guy_8_Bit.mp3; path = ../Operation_Catch_the_Bad_Guy_8_Bit.mp3; sourceTree = "<group>"; };
		6565C2521BAC290800E74749 /* Pixelated_Cosmos.mp3 */ = {isa = PBXFileReference; lastKnownFileType = audio.mp3; name = Pixelated_Cosmos.mp3; path = ../Pixelated_Cosmos.mp3; sourceTree = "<group>"; };
/* End PBXFileReference section */

/* Begin PBXFrameworksBuildPhase section */
		6565C2121BAC26E500E74749 /* Frameworks */ = {
			isa = PBXFrameworksBuildPhase;
			buildActionMask = 2147483647;
			files = (
				6565C24F1BAC27D800E74749 /* AVFoundation.framework in Frameworks */,
			);
			runOnlyForDeploymentPostprocessing = 0;
		};
		6565C2281BAC26E500E74749 /* Frameworks */ = {
			isa = PBXFrameworksBuildPhase;
			buildActionMask = 2147483647;
			files = (
			);
			runOnlyForDeploymentPostprocessing = 0;
		};
/* End PBXFrameworksBuildPhase section */

/* Begin PBXGroup section */
		6565C20C1BAC26E500E74749 = {
			isa = PBXGroup;
			children = (
				6565C2171BAC26E500E74749 /* Bit_Apocalypse_TV */,
				6565C22E1BAC26E500E74749 /* Bit_Apocalypse_TVTests */,
				6565C2161BAC26E500E74749 /* Products */,
			);
			sourceTree = "<group>";
		};
		6565C2161BAC26E500E74749 /* Products */ = {
			isa = PBXGroup;
			children = (
				6565C2151BAC26E500E74749 /* Bit_Apocalypse_TV.app */,
				6565C22B1BAC26E500E74749 /* Bit_Apocalypse_TVTests.xctest */,
			);
			name = Products;
			sourceTree = "<group>";
		};
		6565C2171BAC26E500E74749 /* Bit_Apocalypse_TV */ = {
			isa = PBXGroup;
			children = (
				6565C21B1BAC26E500E74749 /* AppDelegate.h */,
				6565C21C1BAC26E500E74749 /* AppDelegate.m */,
				6565C23E1BAC273B00E74749 /* TransitionManager.h */,
				6565C23F1BAC273B00E74749 /* TransitionManager.m */,
				6565C23A1BAC26F700E74749 /* ViewControllers */,
				6565C2411BAC278100E74749 /* Objects */,
				6565C2551BAC290E00E74749 /* Songs */,
				6565C2501BAC27E300E74749 /* Frameworks */,
				6565C2211BAC26E500E74749 /* Main.storyboard */,
				6565C2241BAC26E500E74749 /* Assets.xcassets */,
				6565C2261BAC26E500E74749 /* Info.plist */,
				6565C2181BAC26E500E74749 /* Supporting Files */,
			);
			path = Bit_Apocalypse_TV;
			sourceTree = "<group>";
		};
		6565C2181BAC26E500E74749 /* Supporting Files */ = {
			isa = PBXGroup;
			children = (
				6565C2191BAC26E500E74749 /* main.m */,
			);
			name = "Supporting Files";
			sourceTree = "<group>";
		};
		6565C22E1BAC26E500E74749 /* Bit_Apocalypse_TVTests */ = {
			isa = PBXGroup;
			children = (
				6565C22F1BAC26E500E74749 /* Bit_Apocalypse_TVTests.m */,
				6565C2311BAC26E500E74749 /* Info.plist */,
			);
			path = Bit_Apocalypse_TVTests;
			sourceTree = "<group>";
		};
		6565C23A1BAC26F700E74749 /* ViewControllers */ = {
			isa = PBXGroup;
			children = (
				6565C23B1BAC272B00E74749 /* ViewController.h */,
				6565C23C1BAC272B00E74749 /* ViewController.m */,
				6565C2481BAC279900E74749 /* GameViewController.h */,
				6565C2491BAC279900E74749 /* GameViewController.m */,
				6565C24A1BAC279900E74749 /* StoryIntoViewController.h */,
				6565C24B1BAC279900E74749 /* StoryIntoViewController.m */,
			);
			name = ViewControllers;
			sourceTree = "<group>";
		};
		6565C2411BAC278100E74749 /* Objects */ = {
			isa = PBXGroup;
			children = (
				6565C2421BAC278800E74749 /* GameObjectView.h */,
				6565C2431BAC278800E74749 /* GameObjectView.m */,
				6565C2441BAC278800E74749 /* PersonView.h */,
				6565C2451BAC278800E74749 /* PersonView.m */,
			);
			name = Objects;
			sourceTree = "<group>";
		};
		6565C2501BAC27E300E74749 /* Frameworks */ = {
			isa = PBXGroup;
			children = (
				6565C24E1BAC27D800E74749 /* AVFoundation.framework */,
			);
			name = Frameworks;
			sourceTree = "<group>";
		};
		6565C2551BAC290E00E74749 /* Songs */ = {
			isa = PBXGroup;
			children = (
				6565C2511BAC290800E74749 /* Operation_Catch_the_Bad_Guy_8_Bit.mp3 */,
				6565C2521BAC290800E74749 /* Pixelated_Cosmos.mp3 */,
			);
			name = Songs;
			sourceTree = "<group>";
		};
/* End PBXGroup section */

/* Begin PBXNativeTarget section */
		6565C2141BAC26E500E74749 /* Bit_Apocalypse_TV */ = {
			isa = PBXNativeTarget;
			buildConfigurationList = 6565C2341BAC26E500E74749 /* Build configuration list for PBXNativeTarget "Bit_Apocalypse_TV" */;
			buildPhases = (
				6565C2111BAC26E500E74749 /* Sources */,
				6565C2121BAC26E500E74749 /* Frameworks */,
				6565C2131BAC26E500E74749 /* Resources */,
			);
			buildRules = (
			);
			dependencies = (
			);
			name = Bit_Apocalypse_TV;
			productName = Bit_Apocalypse_TV;
			productReference = 6565C2151BAC26E500E74749 /* Bit_Apocalypse_TV.app */;
			productType = "com.apple.product-type.application";
		};
		6565C22A1BAC26E500E74749 /* Bit_Apocalypse_TVTests */ = {
			isa = PBXNativeTarget;
			buildConfigurationList = 6565C2371BAC26E500E74749 /* Build configuration list for PBXNativeTarget "Bit_Apocalypse_TVTests" */;
			buildPhases = (
				6565C2271BAC26E500E74749 /* Sources */,
				6565C2281BAC26E500E74749 /* Frameworks */,
				6565C2291BAC26E500E74749 /* Resources */,
			);
			buildRules = (
			);
			dependencies = (
				6565C22D1BAC26E500E74749 /* PBXTargetDependency */,
			);
			name = Bit_Apocalypse_TVTests;
			productName = Bit_Apocalypse_TVTests;
			productReference = 6565C22B1BAC26E500E74749 /* Bit_Apocalypse_TVTests.xctest */;
			productType = "com.apple.product-type.bundle.unit-test";
		};
/* End PBXNativeTarget section */

/* Begin PBXProject section */
		6565C20D1BAC26E500E74749 /* Project object */ = {
			isa = PBXProject;
			attributes = {
				LastUpgradeCheck = 0710;
				ORGANIZATIONNAME = UniverseApps;
				TargetAttributes = {
					6565C2141BAC26E500E74749 = {
						CreatedOnToolsVersion = 7.1;
						DevelopmentTeam = BU3JKZ42Q4;
					};
					6565C22A1BAC26E500E74749 = {
						CreatedOnToolsVersion = 7.1;
						TestTargetID = 6565C2141BAC26E500E74749;
					};
				};
			};
			buildConfigurationList = 6565C2101BAC26E500E74749 /* Build configuration list for PBXProject "Bit_Apocalypse_TV" */;
			compatibilityVersion = "Xcode 3.2";
			developmentRegion = English;
			hasScannedForEncodings = 0;
			knownRegions = (
				en,
				Base,
			);
			mainGroup = 6565C20C1BAC26E500E74749;
			productRefGroup = 6565C2161BAC26E500E74749 /* Products */;
			projectDirPath = "";
			projectRoot = "";
			targets = (
				6565C2141BAC26E500E74749 /* Bit_Apocalypse_TV */,
				6565C22A1BAC26E500E74749 /* Bit_Apocalypse_TVTests */,
			);
		};
/* End PBXProject section */

/* Begin PBXResourcesBuildPhase section */
		6565C2131BAC26E500E74749 /* Resources */ = {
			isa = PBXResourcesBuildPhase;
			buildActionMask = 2147483647;
			files = (
				6565C2531BAC290800E74749 /* Operation_Catch_the_Bad_Guy_8_Bit.mp3 in Resources */,
				6565C2541BAC290800E74749 /* Pixelated_Cosmos.mp3 in Resources */,
				6565C2251BAC26E500E74749 /* Assets.xcassets in Resources */,
				6565C2231BAC26E500E74749 /* Main.storyboard in Resources */,
			);
			runOnlyForDeploymentPostprocessing = 0;
		};
		6565C2291BAC26E500E74749 /* Resources */ = {
			isa = PBXResourcesBuildPhase;
			buildActionMask = 2147483647;
			files = (
			);
			runOnlyForDeploymentPostprocessing = 0;
		};
/* End PBXResourcesBuildPhase section */

/* Begin PBXSourcesBuildPhase section */
		6565C2111BAC26E500E74749 /* Sources */ = {
			isa = PBXSourcesBuildPhase;
			buildActionMask = 2147483647;
			files = (
				6565C2461BAC278800E74749 /* GameObjectView.m in Sources */,
				6565C2401BAC273B00E74749 /* TransitionManager.m in Sources */,
				6565C24C1BAC279900E74749 /* GameViewController.m in Sources */,
				6565C21D1BAC26E500E74749 /* AppDelegate.m in Sources */,
				6565C2471BAC278800E74749 /* PersonView.m in Sources */,
				6565C23D1BAC272B00E74749 /* ViewController.m in Sources */,
				6565C24D1BAC279900E74749 /* StoryIntoViewController.m in Sources */,
				6565C21A1BAC26E500E74749 /* main.m in Sources */,
			);
			runOnlyForDeploymentPostprocessing = 0;
		};
		6565C2271BAC26E500E74749 /* Sources */ = {
			isa = PBXSourcesBuildPhase;
			buildActionMask = 2147483647;
			files = (
				6565C2301BAC26E500E74749 /* Bit_Apocalypse_TVTests.m in Sources */,
			);
			runOnlyForDeploymentPostprocessing = 0;
		};
/* End PBXSourcesBuildPhase section */

/* Begin PBXTargetDependency section */
		6565C22D1BAC26E500E74749 /* PBXTargetDependency */ = {
			isa = PBXTargetDependency;
			target = 6565C2141BAC26E500E74749 /* Bit_Apocalypse_TV */;
			targetProxy = 6565C22C1BAC26E500E74749 /* PBXContainerItemProxy */;
		};
/* End PBXTargetDependency section */

/* Begin PBXVariantGroup section */
		6565C2211BAC26E500E74749 /* Main.storyboard */ = {
			isa = PBXVariantGroup;
			children = (
				6565C2221BAC26E500E74749 /* Base */,
			);
			name = Main.storyboard;
			sourceTree = "<group>";
		};
/* End PBXVariantGroup section */

/* Begin XCBuildConfiguration section */
		6565C2321BAC26E500E74749 /* Debug */ = {
			isa = XCBuildConfiguration;
			buildSettings = {
				ALWAYS_SEARCH_USER_PATHS = NO;
				CLANG_CXX_LANGUAGE_STANDARD = "gnu++0x";
				CLANG_CXX_LIBRARY = "libc++";
				CLANG_ENABLE_MODULES = YES;
				CLANG_ENABLE_OBJC_ARC = YES;
				CLANG_WARN_BOOL_CONVERSION = YES;
				CLANG_WARN_CONSTANT_CONVERSION = YES;
				CLANG_WARN_DIRECT_OBJC_ISA_USAGE = YES_ERROR;
				CLANG_WARN_EMPTY_BODY = YES;
				CLANG_WARN_ENUM_CONVERSION = YES;
				CLANG_WARN_INT_CONVERSION = YES;
				CLANG_WARN_OBJC_ROOT_CLASS = YES_ERROR;
				CLANG_WARN_UNREACHABLE_CODE = YES;
				CLANG_WARN__DUPLICATE_METHOD_MATCH = YES;
				COPY_PHASE_STRIP = NO;
				DEBUG_INFORMATION_FORMAT = dwarf;
				ENABLE_STRICT_OBJC_MSGSEND = YES;
				ENABLE_TESTABILITY = YES;
				GCC_C_LANGUAGE_STANDARD = gnu99;
				GCC_DYNAMIC_NO_PIC = NO;
				GCC_NO_COMMON_BLOCKS = YES;
				GCC_OPTIMIZATION_LEVEL = 0;
				GCC_PREPROCESSOR_DEFINITIONS = (
					"DEBUG=1",
					"$(inherited)",
				);
				GCC_WARN_64_TO_32_BIT_CONVERSION = YES;
				GCC_WARN_ABOUT_RETURN_TYPE = YES_ERROR;
				GCC_WARN_UNDECLARED_SELECTOR = YES;
				GCC_WARN_UNINITIALIZED_AUTOS = YES_AGGRESSIVE;
				GCC_WARN_UNUSED_FUNCTION = YES;
				GCC_WARN_UNUSED_VARIABLE = YES;
				MTL_ENABLE_DEBUG_INFO = YES;
				ONLY_ACTIVE_ARCH = YES;
				SDKROOT = appletvos;
				TARGETED_DEVICE_FAMILY = 3;
				TVOS_DEPLOYMENT_TARGET = 9.0;
			};
			name = Debug;
		};
		6565C2331BAC26E500E74749 /* Release */ = {
			isa = XCBuildConfiguration;
			buildSettings = {
				ALWAYS_SEARCH_USER_PATHS = NO;
				CLANG_CXX_LANGUAGE_STANDARD = "gnu++0x";
				CLANG_CXX_LIBRARY = "libc++";
				CLANG_ENABLE_MODULES = YES;
				CLANG_ENABLE_OBJC_ARC = YES;
				CLANG_WARN_BOOL_CONVERSION = YES;
				CLANG_WARN_CONSTANT_CONVERSION = YES;
				CLANG_WARN_DIRECT_OBJC_ISA_USAGE = YES_ERROR;
				CLANG_WARN_EMPTY_BODY = YES;
				CLANG_WARN_ENUM_CONVERSION = YES;
				CLANG_WARN_INT_CONVERSION = YES;
				CLANG_WARN_OBJC_ROOT_CLASS = YES_ERROR;
				CLANG_WARN_UNREACHABLE_CODE = YES;
				CLANG_WARN__DUPLICATE_METHOD_MATCH = YES;
				COPY_PHASE_STRIP = NO;
				DEBUG_INFORMATION_FORMAT = "dwarf-with-dsym";
				ENABLE_NS_ASSERTIONS = NO;
				ENABLE_STRICT_OBJC_MSGSEND = YES;
				GCC_C_LANGUAGE_STANDARD = gnu99;
				GCC_NO_COMMON_BLOCKS = YES;
				GCC_WARN_64_TO_32_BIT_CONVERSION = YES;
				GCC_WARN_ABOUT_RETURN_TYPE = YES_ERROR;
				GCC_WARN_UNDECLARED_SELECTOR = YES;
				GCC_WARN_UNINITIALIZED_AUTOS = YES_AGGRESSIVE;
				GCC_WARN_UNUSED_FUNCTION = YES;
				GCC_WARN_UNUSED_VARIABLE = YES;
				MTL_ENABLE_DEBUG_INFO = NO;
				SDKROOT = appletvos;
				TARGETED_DEVICE_FAMILY = 3;
				TVOS_DEPLOYMENT_TARGET = 9.0;
				VALIDATE_PRODUCT = YES;
			};
			name = Release;
		};
		6565C2351BAC26E500E74749 /* Debug */ = {
			isa = XCBuildConfiguration;
			buildSettings = {
				ASSETCATALOG_COMPILER_APPICON_NAME = "App Icon & Top Shelf Image";
				ASSETCATALOG_COMPILER_LAUNCHIMAGE_NAME = LaunchImage;
				CODE_SIGN_IDENTITY = "iPhone Developer";
				INFOPLIST_FILE = Bit_Apocalypse_TV/Info.plist;
				LD_RUNPATH_SEARCH_PATHS = "$(inherited) @executable_path/Frameworks";
				PRODUCT_BUNDLE_IDENTIFIER = "com.universeapps.Bit-Apocalypse-TV";
				PRODUCT_NAME = "$(TARGET_NAME)";
			};
			name = Debug;
		};
		6565C2361BAC26E500E74749 /* Release */ = {
			isa = XCBuildConfiguration;
			buildSettings = {
				ASSETCATALOG_COMPILER_APPICON_NAME = "App Icon & Top Shelf Image";
				ASSETCATALOG_COMPILER_LAUNCHIMAGE_NAME = LaunchImage;
				CODE_SIGN_IDENTITY = "iPhone Developer";
				INFOPLIST_FILE = Bit_Apocalypse_TV/Info.plist;
				LD_RUNPATH_SEARCH_PATHS = "$(inherited) @executable_path/Frameworks";
				PRODUCT_BUNDLE_IDENTIFIER = "com.universeapps.Bit-Apocalypse-TV";
				PRODUCT_NAME = "$(TARGET_NAME)";
			};
			name = Release;
		};
		6565C2381BAC26E500E74749 /* Debug */ = {
			isa = XCBuildConfiguration;
			buildSettings = {
				BUNDLE_LOADER = "$(TEST_HOST)";
				INFOPLIST_FILE = Bit_Apocalypse_TVTests/Info.plist;
				LD_RUNPATH_SEARCH_PATHS = "$(inherited) @executable_path/Frameworks @loader_path/Frameworks";
				PRODUCT_BUNDLE_IDENTIFIER = "com.universeapps.Bit-Apocalypse-TVTests";
				PRODUCT_NAME = "$(TARGET_NAME)";
				TEST_HOST = "$(BUILT_PRODUCTS_DIR)/Bit_Apocalypse_TV.app/Bit_Apocalypse_TV";
			};
			name = Debug;
		};
		6565C2391BAC26E500E74749 /* Release */ = {
			isa = XCBuildConfiguration;
			buildSettings = {
				BUNDLE_LOADER = "$(TEST_HOST)";
				INFOPLIST_FILE = Bit_Apocalypse_TVTests/Info.plist;
				LD_RUNPATH_SEARCH_PATHS = "$(inherited) @executable_path/Frameworks @loader_path/Frameworks";
				PRODUCT_BUNDLE_IDENTIFIER = "com.universeapps.Bit-Apocalypse-TVTests";
				PRODUCT_NAME = "$(TARGET_NAME)";
				TEST_HOST = "$(BUILT_PRODUCTS_DIR)/Bit_Apocalypse_TV.app/Bit_Apocalypse_TV";
			};
			name = Release;
		};
/* End XCBuildConfiguration section */

/* Begin XCConfigurationList section */
		6565C2101BAC26E500E74749 /* Build configuration list for PBXProject "Bit_Apocalypse_TV" */ = {
			isa = XCConfigurationList;
			buildConfigurations = (
				6565C2321BAC26E500E74749 /* Debug */,
				6565C2331BAC26E500E74749 /* Release */,
			);
			defaultConfigurationIsVisible = 0;
			defaultConfigurationName = Release;
		};
		6565C2341BAC26E500E74749 /* Build configuration list for PBXNativeTarget "Bit_Apocalypse_TV" */ = {
			isa = XCConfigurationList;
			buildConfigurations = (
				6565C2351BAC26E500E74749 /* Debug */,
				6565C2361BAC26E500E74749 /* Release */,
			);
			defaultConfigurationIsVisible = 0;
			defaultConfigurationName = Release;
		};
		6565C2371BAC26E500E74749 /* Build configuration list for PBXNativeTarget "Bit_Apocalypse_TVTests" */ = {
			isa = XCConfigurationList;
			buildConfigurations = (
				6565C2381BAC26E500E74749 /* Debug */,
				6565C2391BAC26E500E74749 /* Release */,
			);
			defaultConfigurationIsVisible = 0;
			defaultConfigurationName = Release;
		};
/* End XCConfigurationList section */
	};
	rootObject = 6565C20D1BAC26E500E74749 /* Project object */;
}
